
Microsoft Visual Studio Solution File, Format Version 12.00
# Visual Studio Version 16
VisualStudioVersion = 16.0.30320.27
MinimumVisualStudioVersion = 10.0.40219.1
Project("{FAE04EC0-301F-11D3-BF4B-00C04F79EFBC}") = "Modul01_HalloWPF", "HalloWPF\Modul01_HalloWPF.csproj", "{9DCAED5E-E4E6-4536-AEF4-2FF62A0E5B2B}"
EndProject
Project("{FAE04EC0-301F-11D3-BF4B-00C04F79EFBC}") = "Modul02_Controls", "Controls\Modul02_Controls.csproj", "{E89CE70B-7483-486F-A42E-1E970EF436E4}"
EndProject
Project("{FAE04EC0-301F-11D3-BF4B-00C04F79EFBC}") = "Modul03.1_Container", "Container\Modul03.1_Container.csproj", "{6B54CB98-C22F-43DB-ACAC-9922AF12CAC0}"
EndProject
Project("{FAE04EC0-301F-11D3-BF4B-00C04F79EFBC}") = "Modul03.2_TextboxUebung", "TextboxUebung\Modul03.2_TextboxUebung.csproj", "{1D45A8E2-C5B3-43D4-B521-AF5B8D0744A7}"
EndProject
Project("{FAE04EC0-301F-11D3-BF4B-00C04F79EFBC}") = "PersonenDb_Bsp", "PersonenDb_Bsp\PersonenDb_Bsp.csproj", "{F78AEDEA-05DB-4884-AF25-F98759D72893}"
EndProject
Project("{FAE04EC0-301F-11D3-BF4B-00C04F79EFBC}") = "Modul04_RoutedEvents", "RoutedEvents\Modul04_RoutedEvents.csproj", "{382F51D4-3DFC-4F8F-B81E-4FACE3C13165}"
EndProject
Project("{FAE04EC0-301F-11D3-BF4B-00C04F79EFBC}") = "Modul05_Resources", "Resources\Modul05_Resources.csproj", "{C417CB20-5C6C-4A95-A2B4-4EC0F7FA42D4}"
EndProject
Project("{FAE04EC0-301F-11D3-BF4B-00C04F79EFBC}") = "Modul06.1_Bindings", "Bindings\Modul06.1_Bindings.csproj", "{53251663-740C-4AD3-95C9-88AD687F0E4C}"
EndProject
Project("{FAE04EC0-301F-11D3-BF4B-00C04F79EFBC}") = "Modul06.2_ValueConverter", "ValueConverter\Modul06.2_ValueConverter.csproj", "{9C9073A9-F911-40F8-BDC7-9572D986A873}"
EndProject
Project("{FAE04EC0-301F-11D3-BF4B-00C04F79EFBC}") = "Modul07_Styles", "Styles\Modul07_Styles.csproj", "{2A826E1B-A19D-489F-8C2B-EF3FDF8290C2}"
EndProject
Project("{FAE04EC0-301F-11D3-BF4B-00C04F79EFBC}") = "Modul08_Templates", "Templates\Modul08_Templates.csproj", "{8298F4A1-E39A-4C29-94BA-3235E594C8D2}"
EndProject
Project("{FAE04EC0-301F-11D3-BF4B-00C04F79EFBC}") = "Modul09_Validation", "Validation\Modul09_Validation.csproj", "{B97B4277-02D3-4681-B22B-0ABCDE6A9E95}"
EndProject
Project("{FAE04EC0-301F-11D3-BF4B-00C04F79EFBC}") = "Modul10_RelativeSources", "RelativeSources\Modul10_RelativeSources.csproj", "{3F1ED46D-9B40-4855-BE4B-07FF6DCB69CC}"
EndProject
Project("{FAE04EC0-301F-11D3-BF4B-00C04F79EFBC}") = "Modul11_Triggers", "Triggers\Modul11_Triggers.csproj", "{58D0B66B-6156-4C2B-B933-0268DADB7BAB}"
EndProject
Project("{FAE04EC0-301F-11D3-BF4B-00C04F79EFBC}") = "Modul12_MyUserControls", "MyUserControls\Modul12_MyUserControls.csproj", "{ACDFB640-3B43-4D44-8ED5-0BB46DDFA1B5}"
EndProject
Global
	GlobalSection(SolutionConfigurationPlatforms) = preSolution
		Debug|Any CPU = Debug|Any CPU
		Release|Any CPU = Release|Any CPU
	EndGlobalSection
	GlobalSection(ProjectConfigurationPlatforms) = postSolution
		{9DCAED5E-E4E6-4536-AEF4-2FF62A0E5B2B}.Debug|Any CPU.ActiveCfg = Debug|Any CPU
		{9DCAED5E-E4E6-4536-AEF4-2FF62A0E5B2B}.Debug|Any CPU.Build.0 = Debug|Any CPU
		{9DCAED5E-E4E6-4536-AEF4-2FF62A0E5B2B}.Release|Any CPU.ActiveCfg = Release|Any CPU
		{9DCAED5E-E4E6-4536-AEF4-2FF62A0E5B2B}.Release|Any CPU.Build.0 = Release|Any CPU
		{E89CE70B-7483-486F-A42E-1E970EF436E4}.Debug|Any CPU.ActiveCfg = Debug|Any CPU
		{E89CE70B-7483-486F-A42E-1E970EF436E4}.Debug|Any CPU.Build.0 = Debug|Any CPU
		{E89CE70B-7483-486F-A42E-1E970EF436E4}.Release|Any CPU.ActiveCfg = Release|Any CPU
		{E89CE70B-7483-486F-A42E-1E970EF436E4}.Release|Any CPU.Build.0 = Release|Any CPU
		{6B54CB98-C22F-43DB-ACAC-9922AF12CAC0}.Debug|Any CPU.ActiveCfg = Debug|Any CPU
		{6B54CB98-C22F-43DB-ACAC-9922AF12CAC0}.Debug|Any CPU.Build.0 = Debug|Any CPU
		{6B54CB98-C22F-43DB-ACAC-9922AF12CAC0}.Release|Any CPU.ActiveCfg = Release|Any CPU
		{6B54CB98-C22F-43DB-ACAC-9922AF12CAC0}.Release|Any CPU.Build.0 = Release|Any CPU
		{1D45A8E2-C5B3-43D4-B521-AF5B8D0744A7}.Debug|Any CPU.ActiveCfg = Debug|Any CPU
		{1D45A8E2-C5B3-43D4-B521-AF5B8D0744A7}.Debug|Any CPU.Build.0 = Debug|Any CPU
		{1D45A8E2-C5B3-43D4-B521-AF5B8D0744A7}.Release|Any CPU.ActiveCfg = Release|Any CPU
		{1D45A8E2-C5B3-43D4-B521-AF5B8D0744A7}.Release|Any CPU.Build.0 = Release|Any CPU
		{F78AEDEA-05DB-4884-AF25-F98759D72893}.Debug|Any CPU.ActiveCfg = Debug|Any CPU
		{F78AEDEA-05DB-4884-AF25-F98759D72893}.Debug|Any CPU.Build.0 = Debug|Any CPU
		{F78AEDEA-05DB-4884-AF25-F98759D72893}.Release|Any CPU.ActiveCfg = Release|Any CPU
		{F78AEDEA-05DB-4884-AF25-F98759D72893}.Release|Any CPU.Build.0 = Release|Any CPU
		{382F51D4-3DFC-4F8F-B81E-4FACE3C13165}.Debug|Any CPU.ActiveCfg = Debug|Any CPU
		{382F51D4-3DFC-4F8F-B81E-4FACE3C13165}.Debug|Any CPU.Build.0 = Debug|Any CPU
		{382F51D4-3DFC-4F8F-B81E-4FACE3C13165}.Release|Any CPU.ActiveCfg = Release|Any CPU
		{382F51D4-3DFC-4F8F-B81E-4FACE3C13165}.Release|Any CPU.Build.0 = Release|Any CPU
		{C417CB20-5C6C-4A95-A2B4-4EC0F7FA42D4}.Debug|Any CPU.ActiveCfg = Debug|Any CPU
		{C417CB20-5C6C-4A95-A2B4-4EC0F7FA42D4}.Debug|Any CPU.Build.0 = Debug|Any CPU
		{C417CB20-5C6C-4A95-A2B4-4EC0F7FA42D4}.Release|Any CPU.ActiveCfg = Release|Any CPU
		{C417CB20-5C6C-4A95-A2B4-4EC0F7FA42D4}.Release|Any CPU.Build.0 = Release|Any CPU
		{53251663-740C-4AD3-95C9-88AD687F0E4C}.Debug|Any CPU.ActiveCfg = Debug|Any CPU
		{53251663-740C-4AD3-95C9-88AD687F0E4C}.Debug|Any CPU.Build.0 = Debug|Any CPU
		{53251663-740C-4AD3-95C9-88AD687F0E4C}.Release|Any CPU.ActiveCfg = Release|Any CPU
		{53251663-740C-4AD3-95C9-88AD687F0E4C}.Release|Any CPU.Build.0 = Release|Any CPU
		{9C9073A9-F911-40F8-BDC7-9572D986A873}.Debug|Any CPU.ActiveCfg = Debug|Any CPU
		{9C9073A9-F911-40F8-BDC7-9572D986A873}.Debug|Any CPU.Build.0 = Debug|Any CPU
		{9C9073A9-F911-40F8-BDC7-9572D986A873}.Release|Any CPU.ActiveCfg = Release|Any CPU
		{9C9073A9-F911-40F8-BDC7-9572D986A873}.Release|Any CPU.Build.0 = Release|Any CPU
		{2A826E1B-A19D-489F-8C2B-EF3FDF8290C2}.Debug|Any CPU.ActiveCfg = Debug|Any CPU
		{2A826E1B-A19D-489F-8C2B-EF3FDF8290C2}.Debug|Any CPU.Build.0 = Debug|Any CPU
		{2A826E1B-A19D-489F-8C2B-EF3FDF8290C2}.Release|Any CPU.ActiveCfg = Release|Any CPU
		{2A826E1B-A19D-489F-8C2B-EF3FDF8290C2}.Release|Any CPU.Build.0 = Release|Any CPU
		{8298F4A1-E39A-4C29-94BA-3235E594C8D2}.Debug|Any CPU.ActiveCfg = Debug|Any CPU
		{8298F4A1-E39A-4C29-94BA-3235E594C8D2}.Debug|Any CPU.Build.0 = Debug|Any CPU
		{8298F4A1-E39A-4C29-94BA-3235E594C8D2}.Release|Any CPU.ActiveCfg = Release|Any CPU
		{8298F4A1-E39A-4C29-94BA-3235E594C8D2}.Release|Any CPU.Build.0 = Release|Any CPU
		{B97B4277-02D3-4681-B22B-0ABCDE6A9E95}.Debug|Any CPU.ActiveCfg = Debug|Any CPU
		{B97B4277-02D3-4681-B22B-0ABCDE6A9E95}.Debug|Any CPU.Build.0 = Debug|Any CPU
		{B97B4277-02D3-4681-B22B-0ABCDE6A9E95}.Release|Any CPU.ActiveCfg = Release|Any CPU
		{B97B4277-02D3-4681-B22B-0ABCDE6A9E95}.Release|Any CPU.Build.0 = Release|Any CPU
		{3F1ED46D-9B40-4855-BE4B-07FF6DCB69CC}.Debug|Any CPU.ActiveCfg = Debug|Any CPU
		{3F1ED46D-9B40-4855-BE4B-07FF6DCB69CC}.Debug|Any CPU.Build.0 = Debug|Any CPU
		{3F1ED46D-9B40-4855-BE4B-07FF6DCB69CC}.Release|Any CPU.ActiveCfg = Release|Any CPU
		{3F1ED46D-9B40-4855-BE4B-07FF6DCB69CC}.Release|Any CPU.Build.0 = Release|Any CPU
		{58D0B66B-6156-4C2B-B933-0268DADB7BAB}.Debug|Any CPU.ActiveCfg = Debug|Any CPU
		{58D0B66B-6156-4C2B-B933-0268DADB7BAB}.Debug|Any CPU.Build.0 = Debug|Any CPU
		{58D0B66B-6156-4C2B-B933-0268DADB7BAB}.Release|Any CPU.ActiveCfg = Release|Any CPU
		{58D0B66B-6156-4C2B-B933-0268DADB7BAB}.Release|Any CPU.Build.0 = Release|Any CPU
		{ACDFB640-3B43-4D44-8ED5-0BB46DDFA1B5}.Debug|Any CPU.ActiveCfg = Debug|Any CPU
		{ACDFB640-3B43-4D44-8ED5-0BB46DDFA1B5}.Debug|Any CPU.Build.0 = Debug|Any CPU
		{ACDFB640-3B43-4D44-8ED5-0BB46DDFA1B5}.Release|Any CPU.ActiveCfg = Release|Any CPU
		{ACDFB640-3B43-4D44-8ED5-0BB46DDFA1B5}.Release|Any CPU.Build.0 = Release|Any CPU
	EndGlobalSection
	GlobalSection(SolutionProperties) = preSolution
		HideSolutionNode = FALSE
	EndGlobalSection
	GlobalSection(ExtensibilityGlobals) = postSolution
		SolutionGuid = {23D1063C-1D6D-4230-8201-5772FE3EE1E6}
	EndGlobalSection
EndGlobal
